
Microsoft Visual Studio Solution File, Format Version 12.00
# Visual Studio Version 17
VisualStudioVersion = 17.5.33502.453
MinimumVisualStudioVersion = 10.0.40219.1
Project("{8BC9CEB8-8B4A-11D0-8D11-00A0C91BC942}") = "a8v3", "a8v3.vcxproj", "{6DB92A83-1052-4D83-9942-2F8B65FB160C}"
EndProject
Global
	GlobalSection(SolutionConfigurationPlatforms) = preSolution
		Debug|x64 = Debug|x64
		Release|x64 = Release|x64
	EndGlobalSection
	GlobalSection(ProjectConfigurationPlatforms) = postSolution
		{6DB92A83-1052-4D83-9942-2F8B65FB160C}.Debug|x64.ActiveCfg = Debug|x64
		{6DB92A83-1052-4D83-9942-2F8B65FB160C}.Debug|x64.Build.0 = Debug|x64
		{6DB92A83-1052-4D83-9942-2F8B65FB160C}.Release|x64.ActiveCfg = Release|x64
		{6DB92A83-1052-4D83-9942-2F8B65FB160C}.Release|x64.Build.0 = Release|x64
	EndGlobalSection
	GlobalSection(SolutionProperties) = preSolution
		HideSolutionNode = FALSE
	EndGlobalSection
	GlobalSection(ExtensibilityGlobals) = postSolution
		SolutionGuid = {F93C1E64-138A-4BA0-964C-05E001038D4A}
	EndGlobalSection
EndGlobal
